
Microsoft Visual Studio Solution File, Format Version 12.00
# Visual Studio Version 16
VisualStudioVersion = 16.0.32126.315
MinimumVisualStudioVersion = 10.0.40219.1
Project("{FAE04EC0-301F-11D3-BF4B-00C04F79EFBC}") = "DreamCodingReact", "DreamCodingReact\DreamCodingReact.csproj", "{BF3DA53C-0F3B-4732-ADBE-0032DC344D8A}"
EndProject
Global
	GlobalSection(SolutionConfigurationPlatforms) = preSolution
		Debug|Any CPU = Debug|Any CPU
		Release|Any CPU = Release|Any CPU
	EndGlobalSection
	GlobalSection(ProjectConfigurationPlatforms) = postSolution
		{BF3DA53C-0F3B-4732-ADBE-0032DC344D8A}.Debug|Any CPU.ActiveCfg = Debug|Any CPU
		{BF3DA53C-0F3B-4732-ADBE-0032DC344D8A}.Debug|Any CPU.Build.0 = Debug|Any CPU
		{BF3DA53C-0F3B-4732-ADBE-0032DC344D8A}.Release|Any CPU.ActiveCfg = Release|Any CPU
		{BF3DA53C-0F3B-4732-ADBE-0032DC344D8A}.Release|Any CPU.Build.0 = Release|Any CPU
	EndGlobalSection
	GlobalSection(SolutionProperties) = preSolution
		HideSolutionNode = FALSE
	EndGlobalSection
	GlobalSection(ExtensibilityGlobals) = postSolution
		SolutionGuid = {B27E0724-EF6D-4660-B781-9446F2A3BD6D}
	EndGlobalSection
EndGlobal
